
Microsoft Visual Studio Solution File, Format Version 11.00
# Visual Studio 2010
Project("{FAE04EC0-301F-11D3-BF4B-00C04F79EFBC}") = "MikeAutoRun", "MikeAutoRun\MikeAutoRun.csproj", "{FB4E1073-5E01-4836-8DEE-833B46C39E8F}"
EndProject
Global
	GlobalSection(SolutionConfigurationPlatforms) = preSolution
		Debug|x86 = Debug|x86
		Release|x86 = Release|x86
	EndGlobalSection
	GlobalSection(ProjectConfigurationPlatforms) = postSolution
		{FB4E1073-5E01-4836-8DEE-833B46C39E8F}.Debug|x86.ActiveCfg = Debug|x86
		{FB4E1073-5E01-4836-8DEE-833B46C39E8F}.Debug|x86.Build.0 = Debug|x86
		{FB4E1073-5E01-4836-8DEE-833B46C39E8F}.Release|x86.ActiveCfg = Release|x86
		{FB4E1073-5E01-4836-8DEE-833B46C39E8F}.Release|x86.Build.0 = Release|x86
	EndGlobalSection
	GlobalSection(SolutionProperties) = preSolution
		HideSolutionNode = FALSE
	EndGlobalSection
EndGlobal
